PODS:
  - Alamofire (3.4.1)
  - ChameleonFramework/Default (2.1.0)
  - ChameleonFramework/Swift (2.1.0):
    - ChameleonFramework/Default
  - Device (1.0.3)
  - FYLogger (0.81)
  - MBProgressHUD (0.9.2)
  - MJRefresh (3.1.12)
  - ObjectMapper (1.4.0)
  - OMGHTTPURLRQ (3.2.0):
    - OMGHTTPURLRQ/RQ (= 3.2.0)
  - OMGHTTPURLRQ/FormURLEncode (3.2.0)
  - OMGHTTPURLRQ/RQ (3.2.0):
    - OMGHTTPURLRQ/FormURLEncode
    - OMGHTTPURLRQ/UserAgent
  - OMGHTTPURLRQ/UserAgent (3.2.0)
  - PromiseKit (3.5.0):
    - PromiseKit/Foundation (= 3.5.0)
    - PromiseKit/QuartzCore (= 3.5.0)
    - PromiseKit/UIKit (= 3.5.0)
  - PromiseKit/CorePromise (3.5.0)
  - PromiseKit/Foundation (3.5.0):
    - OMGHTTPURLRQ (~> 3.2.0)
    - PromiseKit/CorePromise
  - PromiseKit/QuartzCore (3.5.0):
    - PromiseKit/CorePromise
  - PromiseKit/UIKit (3.5.0):
    - PromiseKit/CorePromise
  - SDWebImage (3.8.2):
    - SDWebImage/Core (= 3.8.2)
  - SDWebImage/Core (3.8.2)
  - SwiftyUserDefaults (2.2.1)

DEPENDENCIES:
  - Alamofire (from `https://github.com/Alamofire/Alamofire.git`, branch `swift2.3`)
  - ChameleonFramework/Swift
  - Device (~> 1.0.3)
  - FYLogger
  - MBProgressHUD (~> 0.9.2)
  - MJRefresh
  - ObjectMapper (~> 1.1)
  - PromiseKit (= 3.5.0)
  - SDWebImage (~> 3.8)
  - SwiftyUserDefaults

EXTERNAL SOURCES:
  Alamofire:
    :branch: swift2.3
    :git: https://github.com/Alamofire/Alamofire.git

CHECKOUT OPTIONS:
  Alamofire:
    :commit: 383efdfa68fff8ebb52748c9b22034b326d70459
    :git: https://github.com/Alamofire/Alamofire.git

SPEC CHECKSUMS:
  Alamofire: 01a82e2f6c0f860ade35534c8dd88be61bdef40c
  ChameleonFramework: d21a3cc247abfe5e37609a283a8238b03575cf64
  Device: bcf333c7c497edabe6df9560fd64f1e255d45b2b
  FYLogger: 21844850378dc8c47460ad71aa278e8b026b6fdc
  MBProgressHUD: 1569cf7ace17a8bac47aabfbb8580a49690386d1
  MJRefresh: b96cdb21c4aa75a7b07654311ab2f315c497e806
  ObjectMapper: a07ad0462c5adf014adc0f89ef04c29b626e855e
  OMGHTTPURLRQ: 1e54807cb7d5dbb506926e53498e1e9ac5720c79
  PromiseKit: 3a8a529c0571f8c2c423dba0897ff39bc060bf92
  SDWebImage: '098e97e6176540799c27e804c96653ee0833d13c'
  SwiftyUserDefaults: 7abdba50a50ea0c18ee8903af3c88e4c1cb8448d

PODFILE CHECKSUM: 8a2e919fa54e1b586447b2c1a353e7a5df574363

COCOAPODS: 1.0.1
