PODS:
  - Alamofire (3.4.1)
  - FYLogger (0.81)
  - Hue (1.1.1)
  - MBProgressHUD (0.9.2)
  - ObjectMapper (1.4.0)

DEPENDENCIES:
  - Alamofire (from `https://github.com/Alamofire/Alamofire.git`, branch `swift2.3`)
  - FYLogger
  - Hue
  - MBProgressHUD (~> 0.9.2)
  - ObjectMapper (~> 1.1)

EXTERNAL SOURCES:
  Alamofire:
    :branch: swift2.3
    :git: https://github.com/Alamofire/Alamofire.git

CHECKOUT OPTIONS:
  Alamofire:
    :commit: 1ac83593aaea0bb31c5d22c86d5a2cf90498ee71
    :git: https://github.com/Alamofire/Alamofire.git

SPEC CHECKSUMS:
  Alamofire: 01a82e2f6c0f860ade35534c8dd88be61bdef40c
  FYLogger: 21844850378dc8c47460ad71aa278e8b026b6fdc
  Hue: 931aeeadcb29ce5de5b97589aa936be4638a1501
  MBProgressHUD: 1569cf7ace17a8bac47aabfbb8580a49690386d1
  ObjectMapper: a07ad0462c5adf014adc0f89ef04c29b626e855e

PODFILE CHECKSUM: a39fb19e2a5475ee4dd3a7b6d80baf3e034b935a

COCOAPODS: 1.0.1
